
Microsoft Visual Studio Solution File, Format Version 12.00
# Visual Studio Version 17
VisualStudioVersion = 17.0.31903.59
MinimumVisualStudioVersion = 10.0.40219.1
Project("{2150E333-8FDC-42A3-9474-1A3956D46DE8}") = "src", "src", "{827E0CD3-B72D-47B6-A68D-7590B98EB39B}"
EndProject
Project("{2150E333-8FDC-42A3-9474-1A3956D46DE8}") = "Host", "Host", "{981C2CF6-E5BB-602A-511C-234B538302B0}"
EndProject
Project("{FAE04EC0-301F-11D3-BF4B-00C04F79EFBC}") = "EntApp.WebAPI", "src\Host\EntApp.WebAPI\EntApp.WebAPI.csproj", "{7E1BEFB1-DDE3-4CC6-9CD3-B563C4D446DE}"
EndProject
Project("{2150E333-8FDC-42A3-9474-1A3956D46DE8}") = "Shared", "Shared", "{C8E42992-5E42-0C2B-DBFE-AA848D06431C}"
EndProject
Project("{FAE04EC0-301F-11D3-BF4B-00C04F79EFBC}") = "EntApp.Shared.Kernel", "src\Shared\EntApp.Shared.Kernel\EntApp.Shared.Kernel.csproj", "{244A770F-33DE-43F3-92B2-8441DCFCA1E2}"
EndProject
Project("{2150E333-8FDC-42A3-9474-1A3956D46DE8}") = "tests", "tests", "{0AB3BF05-4346-4AA6-1389-037BE0695223}"
EndProject
Project("{FAE04EC0-301F-11D3-BF4B-00C04F79EFBC}") = "EntApp.Shared.Kernel.Tests", "tests\EntApp.Shared.Kernel.Tests\EntApp.Shared.Kernel.Tests.csproj", "{00B1CEA6-6C12-4B5A-8AFD-6EDAE3BF6C29}"
EndProject
Project("{FAE04EC0-301F-11D3-BF4B-00C04F79EFBC}") = "EntApp.Shared.Contracts", "src\Shared\EntApp.Shared.Contracts\EntApp.Shared.Contracts.csproj", "{92982E4E-FCE3-4A18-974E-B6C7FF2BBCB6}"
EndProject
Project("{FAE04EC0-301F-11D3-BF4B-00C04F79EFBC}") = "EntApp.Shared.Infrastructure", "src\Shared\EntApp.Shared.Infrastructure\EntApp.Shared.Infrastructure.csproj", "{EC713E9A-A955-412F-AE01-2C6BEA0C0143}"
EndProject
Project("{FAE04EC0-301F-11D3-BF4B-00C04F79EFBC}") = "EntApp.Shared.Infrastructure.Tests", "tests\EntApp.Shared.Infrastructure.Tests\EntApp.Shared.Infrastructure.Tests.csproj", "{69AE86F0-5168-455A-9445-F7D72CF01C7C}"
EndProject
Project("{2150E333-8FDC-42A3-9474-1A3956D46DE8}") = "Modules", "Modules", "{EC447DCF-ABFA-6E24-52A5-D7FD48A5C558}"
EndProject
Project("{2150E333-8FDC-42A3-9474-1A3956D46DE8}") = "IAM", "IAM", "{F528E1F6-8C1D-A641-996D-DF841B26501A}"
EndProject
Project("{FAE04EC0-301F-11D3-BF4B-00C04F79EFBC}") = "EntApp.Modules.IAM.Domain", "src\Modules\IAM\EntApp.Modules.IAM.Domain\EntApp.Modules.IAM.Domain.csproj", "{9AC77996-7061-4BF8-8D8A-8EBC6A258416}"
EndProject
Project("{FAE04EC0-301F-11D3-BF4B-00C04F79EFBC}") = "EntApp.Modules.IAM.Application", "src\Modules\IAM\EntApp.Modules.IAM.Application\EntApp.Modules.IAM.Application.csproj", "{327C70B8-EA1A-40D0-B065-BAB0F4056E7C}"
EndProject
Project("{FAE04EC0-301F-11D3-BF4B-00C04F79EFBC}") = "EntApp.Modules.IAM.Infrastructure", "src\Modules\IAM\EntApp.Modules.IAM.Infrastructure\EntApp.Modules.IAM.Infrastructure.csproj", "{18C75279-346C-425E-B0DA-A901967DB078}"
EndProject
Project("{2150E333-8FDC-42A3-9474-1A3956D46DE8}") = "Audit", "Audit", "{B7504168-2F66-9EF4-E8D7-36B98062A6F8}"
EndProject
Project("{FAE04EC0-301F-11D3-BF4B-00C04F79EFBC}") = "EntApp.Modules.Audit.Domain", "src\Modules\Audit\EntApp.Modules.Audit.Domain\EntApp.Modules.Audit.Domain.csproj", "{6D928935-744B-44FB-B35A-F684D1D95BD3}"
EndProject
Project("{FAE04EC0-301F-11D3-BF4B-00C04F79EFBC}") = "EntApp.Modules.Audit.Application", "src\Modules\Audit\EntApp.Modules.Audit.Application\EntApp.Modules.Audit.Application.csproj", "{361B1B9B-F426-4606-ABCB-251FE6D04359}"
EndProject
Project("{FAE04EC0-301F-11D3-BF4B-00C04F79EFBC}") = "EntApp.Modules.Audit.Infrastructure", "src\Modules\Audit\EntApp.Modules.Audit.Infrastructure\EntApp.Modules.Audit.Infrastructure.csproj", "{FFE9739B-4FCA-48DD-9292-4D7A0C7F7CCC}"
EndProject
Project("{2150E333-8FDC-42A3-9474-1A3956D46DE8}") = "Configuration", "Configuration", "{AD543401-B4A7-AC95-DA94-6718F3C81BEB}"
EndProject
Project("{FAE04EC0-301F-11D3-BF4B-00C04F79EFBC}") = "EntApp.Modules.Configuration.Domain", "src\Modules\Configuration\EntApp.Modules.Configuration.Domain\EntApp.Modules.Configuration.Domain.csproj", "{9AE13087-4F1A-461D-BB6B-817A7AF86420}"
EndProject
Project("{FAE04EC0-301F-11D3-BF4B-00C04F79EFBC}") = "EntApp.Modules.Configuration.Application", "src\Modules\Configuration\EntApp.Modules.Configuration.Application\EntApp.Modules.Configuration.Application.csproj", "{696BABAB-382E-49E5-80A6-A257D7E94326}"
EndProject
Project("{FAE04EC0-301F-11D3-BF4B-00C04F79EFBC}") = "EntApp.Modules.Configuration.Infrastructure", "src\Modules\Configuration\EntApp.Modules.Configuration.Infrastructure\EntApp.Modules.Configuration.Infrastructure.csproj", "{D71592BC-3E27-4F3C-AB74-2E551313D2FD}"
EndProject
Project("{FAE04EC0-301F-11D3-BF4B-00C04F79EFBC}") = "EntApp.Modules.Configuration.Tests", "tests\EntApp.Modules.Configuration.Tests\EntApp.Modules.Configuration.Tests.csproj", "{B703BB8B-381C-432B-86AD-4D526C53030A}"
EndProject
Project("{2150E333-8FDC-42A3-9474-1A3956D46DE8}") = "Notification", "Notification", "{4F8133DB-A301-0A1E-3DDE-929E67CC9B96}"
EndProject
Project("{FAE04EC0-301F-11D3-BF4B-00C04F79EFBC}") = "EntApp.Modules.Notification.Domain", "src\Modules\Notification\EntApp.Modules.Notification.Domain\EntApp.Modules.Notification.Domain.csproj", "{884850F8-F791-49A5-AEA6-246B8A3053C6}"
EndProject
Project("{FAE04EC0-301F-11D3-BF4B-00C04F79EFBC}") = "EntApp.Modules.Notification.Application", "src\Modules\Notification\EntApp.Modules.Notification.Application\EntApp.Modules.Notification.Application.csproj", "{A7087ACA-A7B4-4F2F-BA16-BCEBEF061A0F}"
EndProject
Project("{FAE04EC0-301F-11D3-BF4B-00C04F79EFBC}") = "EntApp.Modules.Notification.Infrastructure", "src\Modules\Notification\EntApp.Modules.Notification.Infrastructure\EntApp.Modules.Notification.Infrastructure.csproj", "{BFFA5AF2-4086-47D3-A613-624C4D099176}"
EndProject
Project("{FAE04EC0-301F-11D3-BF4B-00C04F79EFBC}") = "EntApp.Modules.Notification.Tests", "tests\EntApp.Modules.Notification.Tests\EntApp.Modules.Notification.Tests.csproj", "{4818CD4E-D27C-4432-A5E4-4A6E62321DE0}"
EndProject
Project("{2150E333-8FDC-42A3-9474-1A3956D46DE8}") = "FileManagement", "FileManagement", "{2869779A-08EE-A519-3A6C-804B4CE08260}"
EndProject
Project("{FAE04EC0-301F-11D3-BF4B-00C04F79EFBC}") = "EntApp.Modules.FileManagement.Domain", "src\Modules\FileManagement\EntApp.Modules.FileManagement.Domain\EntApp.Modules.FileManagement.Domain.csproj", "{391DABFE-CED3-403B-A085-FDD05842D16F}"
EndProject
Project("{FAE04EC0-301F-11D3-BF4B-00C04F79EFBC}") = "EntApp.Modules.FileManagement.Application", "src\Modules\FileManagement\EntApp.Modules.FileManagement.Application\EntApp.Modules.FileManagement.Application.csproj", "{3DDF4B57-C54E-4AC6-81C4-1C088469AB7C}"
EndProject
Project("{FAE04EC0-301F-11D3-BF4B-00C04F79EFBC}") = "EntApp.Modules.FileManagement.Infrastructure", "src\Modules\FileManagement\EntApp.Modules.FileManagement.Infrastructure\EntApp.Modules.FileManagement.Infrastructure.csproj", "{68FA1FB2-6DB1-44CA-91A3-E704F99E8337}"
EndProject
Project("{FAE04EC0-301F-11D3-BF4B-00C04F79EFBC}") = "EntApp.Modules.FileManagement.Tests", "tests\EntApp.Modules.FileManagement.Tests\EntApp.Modules.FileManagement.Tests.csproj", "{C712F716-CCD2-4028-95C6-CFBFFEEA2F89}"
EndProject
Project("{2150E333-8FDC-42A3-9474-1A3956D46DE8}") = "MultiTenancy", "MultiTenancy", "{2D627630-2733-20C6-1887-2A779E80693E}"
EndProject
Project("{FAE04EC0-301F-11D3-BF4B-00C04F79EFBC}") = "EntApp.Modules.MultiTenancy.Domain", "src\Modules\MultiTenancy\EntApp.Modules.MultiTenancy.Domain\EntApp.Modules.MultiTenancy.Domain.csproj", "{DCB0A5CA-CF60-46C0-AD9D-739FA5271CB6}"
EndProject
Project("{FAE04EC0-301F-11D3-BF4B-00C04F79EFBC}") = "EntApp.Modules.MultiTenancy.Application", "src\Modules\MultiTenancy\EntApp.Modules.MultiTenancy.Application\EntApp.Modules.MultiTenancy.Application.csproj", "{ADC2825E-40C9-4F1D-971A-A5F6E82E05DB}"
EndProject
Project("{FAE04EC0-301F-11D3-BF4B-00C04F79EFBC}") = "EntApp.Modules.MultiTenancy.Infrastructure", "src\Modules\MultiTenancy\EntApp.Modules.MultiTenancy.Infrastructure\EntApp.Modules.MultiTenancy.Infrastructure.csproj", "{DB5733EE-0445-4EE0-8C36-CCC3230165B7}"
EndProject
Project("{FAE04EC0-301F-11D3-BF4B-00C04F79EFBC}") = "EntApp.Modules.MultiTenancy.Tests", "tests\EntApp.Modules.MultiTenancy.Tests\EntApp.Modules.MultiTenancy.Tests.csproj", "{44FE3448-6DD1-4260-AABA-A6EC00477732}"
EndProject
Project("{2150E333-8FDC-42A3-9474-1A3956D46DE8}") = "Localization", "Localization", "{DD990E86-DA83-A215-8BEB-0957C9BDCD04}"
EndProject
Project("{FAE04EC0-301F-11D3-BF4B-00C04F79EFBC}") = "EntApp.Modules.Localization.Domain", "src\Modules\Localization\EntApp.Modules.Localization.Domain\EntApp.Modules.Localization.Domain.csproj", "{8F0190EA-73C7-4CB0-B684-7435F0B1FE18}"
EndProject
Project("{FAE04EC0-301F-11D3-BF4B-00C04F79EFBC}") = "EntApp.Modules.Localization.Application", "src\Modules\Localization\EntApp.Modules.Localization.Application\EntApp.Modules.Localization.Application.csproj", "{438F12AF-0340-4E83-A3A7-81008EC3028E}"
EndProject
Project("{FAE04EC0-301F-11D3-BF4B-00C04F79EFBC}") = "EntApp.Modules.Localization.Infrastructure", "src\Modules\Localization\EntApp.Modules.Localization.Infrastructure\EntApp.Modules.Localization.Infrastructure.csproj", "{0745B52F-B098-455D-B843-D93679D6BC8B}"
EndProject
Project("{FAE04EC0-301F-11D3-BF4B-00C04F79EFBC}") = "EntApp.Modules.Localization.Tests", "tests\EntApp.Modules.Localization.Tests\EntApp.Modules.Localization.Tests.csproj", "{8470400F-E695-45E8-9BB5-94094593983B}"
EndProject
Global
	GlobalSection(SolutionConfigurationPlatforms) = preSolution
		Debug|Any CPU = Debug|Any CPU
		Debug|x64 = Debug|x64
		Debug|x86 = Debug|x86
		Release|Any CPU = Release|Any CPU
		Release|x64 = Release|x64
		Release|x86 = Release|x86
	EndGlobalSection
	GlobalSection(ProjectConfigurationPlatforms) = postSolution
		{7E1BEFB1-DDE3-4CC6-9CD3-B563C4D446DE}.Debug|Any CPU.ActiveCfg = Debug|Any CPU
		{7E1BEFB1-DDE3-4CC6-9CD3-B563C4D446DE}.Debug|Any CPU.Build.0 = Debug|Any CPU
		{7E1BEFB1-DDE3-4CC6-9CD3-B563C4D446DE}.Debug|x64.ActiveCfg = Debug|Any CPU
		{7E1BEFB1-DDE3-4CC6-9CD3-B563C4D446DE}.Debug|x64.Build.0 = Debug|Any CPU
		{7E1BEFB1-DDE3-4CC6-9CD3-B563C4D446DE}.Debug|x86.ActiveCfg = Debug|Any CPU
		{7E1BEFB1-DDE3-4CC6-9CD3-B563C4D446DE}.Debug|x86.Build.0 = Debug|Any CPU
		{7E1BEFB1-DDE3-4CC6-9CD3-B563C4D446DE}.Release|Any CPU.ActiveCfg = Release|Any CPU
		{7E1BEFB1-DDE3-4CC6-9CD3-B563C4D446DE}.Release|Any CPU.Build.0 = Release|Any CPU
		{7E1BEFB1-DDE3-4CC6-9CD3-B563C4D446DE}.Release|x64.ActiveCfg = Release|Any CPU
		{7E1BEFB1-DDE3-4CC6-9CD3-B563C4D446DE}.Release|x64.Build.0 = Release|Any CPU
		{7E1BEFB1-DDE3-4CC6-9CD3-B563C4D446DE}.Release|x86.ActiveCfg = Release|Any CPU
		{7E1BEFB1-DDE3-4CC6-9CD3-B563C4D446DE}.Release|x86.Build.0 = Release|Any CPU
		{244A770F-33DE-43F3-92B2-8441DCFCA1E2}.Debug|Any CPU.ActiveCfg = Debug|Any CPU
		{244A770F-33DE-43F3-92B2-8441DCFCA1E2}.Debug|Any CPU.Build.0 = Debug|Any CPU
		{244A770F-33DE-43F3-92B2-8441DCFCA1E2}.Debug|x64.ActiveCfg = Debug|Any CPU
		{244A770F-33DE-43F3-92B2-8441DCFCA1E2}.Debug|x64.Build.0 = Debug|Any CPU
		{244A770F-33DE-43F3-92B2-8441DCFCA1E2}.Debug|x86.ActiveCfg = Debug|Any CPU
		{244A770F-33DE-43F3-92B2-8441DCFCA1E2}.Debug|x86.Build.0 = Debug|Any CPU
		{244A770F-33DE-43F3-92B2-8441DCFCA1E2}.Release|Any CPU.ActiveCfg = Release|Any CPU
		{244A770F-33DE-43F3-92B2-8441DCFCA1E2}.Release|Any CPU.Build.0 = Release|Any CPU
		{244A770F-33DE-43F3-92B2-8441DCFCA1E2}.Release|x64.ActiveCfg = Release|Any CPU
		{244A770F-33DE-43F3-92B2-8441DCFCA1E2}.Release|x64.Build.0 = Release|Any CPU
		{244A770F-33DE-43F3-92B2-8441DCFCA1E2}.Release|x86.ActiveCfg = Release|Any CPU
		{244A770F-33DE-43F3-92B2-8441DCFCA1E2}.Release|x86.Build.0 = Release|Any CPU
		{00B1CEA6-6C12-4B5A-8AFD-6EDAE3BF6C29}.Debug|Any CPU.ActiveCfg = Debug|Any CPU
		{00B1CEA6-6C12-4B5A-8AFD-6EDAE3BF6C29}.Debug|Any CPU.Build.0 = Debug|Any CPU
		{00B1CEA6-6C12-4B5A-8AFD-6EDAE3BF6C29}.Debug|x64.ActiveCfg = Debug|Any CPU
		{00B1CEA6-6C12-4B5A-8AFD-6EDAE3BF6C29}.Debug|x64.Build.0 = Debug|Any CPU
		{00B1CEA6-6C12-4B5A-8AFD-6EDAE3BF6C29}.Debug|x86.ActiveCfg = Debug|Any CPU
		{00B1CEA6-6C12-4B5A-8AFD-6EDAE3BF6C29}.Debug|x86.Build.0 = Debug|Any CPU
		{00B1CEA6-6C12-4B5A-8AFD-6EDAE3BF6C29}.Release|Any CPU.ActiveCfg = Release|Any CPU
		{00B1CEA6-6C12-4B5A-8AFD-6EDAE3BF6C29}.Release|Any CPU.Build.0 = Release|Any CPU
		{00B1CEA6-6C12-4B5A-8AFD-6EDAE3BF6C29}.Release|x64.ActiveCfg = Release|Any CPU
		{00B1CEA6-6C12-4B5A-8AFD-6EDAE3BF6C29}.Release|x64.Build.0 = Release|Any CPU
		{00B1CEA6-6C12-4B5A-8AFD-6EDAE3BF6C29}.Release|x86.ActiveCfg = Release|Any CPU
		{00B1CEA6-6C12-4B5A-8AFD-6EDAE3BF6C29}.Release|x86.Build.0 = Release|Any CPU
		{92982E4E-FCE3-4A18-974E-B6C7FF2BBCB6}.Debug|Any CPU.ActiveCfg = Debug|Any CPU
		{92982E4E-FCE3-4A18-974E-B6C7FF2BBCB6}.Debug|Any CPU.Build.0 = Debug|Any CPU
		{92982E4E-FCE3-4A18-974E-B6C7FF2BBCB6}.Debug|x64.ActiveCfg = Debug|Any CPU
		{92982E4E-FCE3-4A18-974E-B6C7FF2BBCB6}.Debug|x64.Build.0 = Debug|Any CPU
		{92982E4E-FCE3-4A18-974E-B6C7FF2BBCB6}.Debug|x86.ActiveCfg = Debug|Any CPU
		{92982E4E-FCE3-4A18-974E-B6C7FF2BBCB6}.Debug|x86.Build.0 = Debug|Any CPU
		{92982E4E-FCE3-4A18-974E-B6C7FF2BBCB6}.Release|Any CPU.ActiveCfg = Release|Any CPU
		{92982E4E-FCE3-4A18-974E-B6C7FF2BBCB6}.Release|Any CPU.Build.0 = Release|Any CPU
		{92982E4E-FCE3-4A18-974E-B6C7FF2BBCB6}.Release|x64.ActiveCfg = Release|Any CPU
		{92982E4E-FCE3-4A18-974E-B6C7FF2BBCB6}.Release|x64.Build.0 = Release|Any CPU
		{92982E4E-FCE3-4A18-974E-B6C7FF2BBCB6}.Release|x86.ActiveCfg = Release|Any CPU
		{92982E4E-FCE3-4A18-974E-B6C7FF2BBCB6}.Release|x86.Build.0 = Release|Any CPU
		{EC713E9A-A955-412F-AE01-2C6BEA0C0143}.Debug|Any CPU.ActiveCfg = Debug|Any CPU
		{EC713E9A-A955-412F-AE01-2C6BEA0C0143}.Debug|Any CPU.Build.0 = Debug|Any CPU
		{EC713E9A-A955-412F-AE01-2C6BEA0C0143}.Debug|x64.ActiveCfg = Debug|Any CPU
		{EC713E9A-A955-412F-AE01-2C6BEA0C0143}.Debug|x64.Build.0 = Debug|Any CPU
		{EC713E9A-A955-412F-AE01-2C6BEA0C0143}.Debug|x86.ActiveCfg = Debug|Any CPU
		{EC713E9A-A955-412F-AE01-2C6BEA0C0143}.Debug|x86.Build.0 = Debug|Any CPU
		{EC713E9A-A955-412F-AE01-2C6BEA0C0143}.Release|Any CPU.ActiveCfg = Release|Any CPU
		{EC713E9A-A955-412F-AE01-2C6BEA0C0143}.Release|Any CPU.Build.0 = Release|Any CPU
		{EC713E9A-A955-412F-AE01-2C6BEA0C0143}.Release|x64.ActiveCfg = Release|Any CPU
		{EC713E9A-A955-412F-AE01-2C6BEA0C0143}.Release|x64.Build.0 = Release|Any CPU
		{EC713E9A-A955-412F-AE01-2C6BEA0C0143}.Release|x86.ActiveCfg = Release|Any CPU
		{EC713E9A-A955-412F-AE01-2C6BEA0C0143}.Release|x86.Build.0 = Release|Any CPU
		{69AE86F0-5168-455A-9445-F7D72CF01C7C}.Debug|Any CPU.ActiveCfg = Debug|Any CPU
		{69AE86F0-5168-455A-9445-F7D72CF01C7C}.Debug|Any CPU.Build.0 = Debug|Any CPU
		{69AE86F0-5168-455A-9445-F7D72CF01C7C}.Debug|x64.ActiveCfg = Debug|Any CPU
		{69AE86F0-5168-455A-9445-F7D72CF01C7C}.Debug|x64.Build.0 = Debug|Any CPU
		{69AE86F0-5168-455A-9445-F7D72CF01C7C}.Debug|x86.ActiveCfg = Debug|Any CPU
		{69AE86F0-5168-455A-9445-F7D72CF01C7C}.Debug|x86.Build.0 = Debug|Any CPU
		{69AE86F0-5168-455A-9445-F7D72CF01C7C}.Release|Any CPU.ActiveCfg = Release|Any CPU
		{69AE86F0-5168-455A-9445-F7D72CF01C7C}.Release|Any CPU.Build.0 = Release|Any CPU
		{69AE86F0-5168-455A-9445-F7D72CF01C7C}.Release|x64.ActiveCfg = Release|Any CPU
		{69AE86F0-5168-455A-9445-F7D72CF01C7C}.Release|x64.Build.0 = Release|Any CPU
		{69AE86F0-5168-455A-9445-F7D72CF01C7C}.Release|x86.ActiveCfg = Release|Any CPU
		{69AE86F0-5168-455A-9445-F7D72CF01C7C}.Release|x86.Build.0 = Release|Any CPU
		{9AC77996-7061-4BF8-8D8A-8EBC6A258416}.Debug|Any CPU.ActiveCfg = Debug|Any CPU
		{9AC77996-7061-4BF8-8D8A-8EBC6A258416}.Debug|Any CPU.Build.0 = Debug|Any CPU
		{9AC77996-7061-4BF8-8D8A-8EBC6A258416}.Debug|x64.ActiveCfg = Debug|Any CPU
		{9AC77996-7061-4BF8-8D8A-8EBC6A258416}.Debug|x64.Build.0 = Debug|Any CPU
		{9AC77996-7061-4BF8-8D8A-8EBC6A258416}.Debug|x86.ActiveCfg = Debug|Any CPU
		{9AC77996-7061-4BF8-8D8A-8EBC6A258416}.Debug|x86.Build.0 = Debug|Any CPU
		{9AC77996-7061-4BF8-8D8A-8EBC6A258416}.Release|Any CPU.ActiveCfg = Release|Any CPU
		{9AC77996-7061-4BF8-8D8A-8EBC6A258416}.Release|Any CPU.Build.0 = Release|Any CPU
		{9AC77996-7061-4BF8-8D8A-8EBC6A258416}.Release|x64.ActiveCfg = Release|Any CPU
		{9AC77996-7061-4BF8-8D8A-8EBC6A258416}.Release|x64.Build.0 = Release|Any CPU
		{9AC77996-7061-4BF8-8D8A-8EBC6A258416}.Release|x86.ActiveCfg = Release|Any CPU
		{9AC77996-7061-4BF8-8D8A-8EBC6A258416}.Release|x86.Build.0 = Release|Any CPU
		{327C70B8-EA1A-40D0-B065-BAB0F4056E7C}.Debug|Any CPU.ActiveCfg = Debug|Any CPU
		{327C70B8-EA1A-40D0-B065-BAB0F4056E7C}.Debug|Any CPU.Build.0 = Debug|Any CPU
		{327C70B8-EA1A-40D0-B065-BAB0F4056E7C}.Debug|x64.ActiveCfg = Debug|Any CPU
		{327C70B8-EA1A-40D0-B065-BAB0F4056E7C}.Debug|x64.Build.0 = Debug|Any CPU
		{327C70B8-EA1A-40D0-B065-BAB0F4056E7C}.Debug|x86.ActiveCfg = Debug|Any CPU
		{327C70B8-EA1A-40D0-B065-BAB0F4056E7C}.Debug|x86.Build.0 = Debug|Any CPU
		{327C70B8-EA1A-40D0-B065-BAB0F4056E7C}.Release|Any CPU.ActiveCfg = Release|Any CPU
		{327C70B8-EA1A-40D0-B065-BAB0F4056E7C}.Release|Any CPU.Build.0 = Release|Any CPU
		{327C70B8-EA1A-40D0-B065-BAB0F4056E7C}.Release|x64.ActiveCfg = Release|Any CPU
		{327C70B8-EA1A-40D0-B065-BAB0F4056E7C}.Release|x64.Build.0 = Release|Any CPU
		{327C70B8-EA1A-40D0-B065-BAB0F4056E7C}.Release|x86.ActiveCfg = Release|Any CPU
		{327C70B8-EA1A-40D0-B065-BAB0F4056E7C}.Release|x86.Build.0 = Release|Any CPU
		{18C75279-346C-425E-B0DA-A901967DB078}.Debug|Any CPU.ActiveCfg = Debug|Any CPU
		{18C75279-346C-425E-B0DA-A901967DB078}.Debug|Any CPU.Build.0 = Debug|Any CPU
		{18C75279-346C-425E-B0DA-A901967DB078}.Debug|x64.ActiveCfg = Debug|Any CPU
		{18C75279-346C-425E-B0DA-A901967DB078}.Debug|x64.Build.0 = Debug|Any CPU
		{18C75279-346C-425E-B0DA-A901967DB078}.Debug|x86.ActiveCfg = Debug|Any CPU
		{18C75279-346C-425E-B0DA-A901967DB078}.Debug|x86.Build.0 = Debug|Any CPU
		{18C75279-346C-425E-B0DA-A901967DB078}.Release|Any CPU.ActiveCfg = Release|Any CPU
		{18C75279-346C-425E-B0DA-A901967DB078}.Release|Any CPU.Build.0 = Release|Any CPU
		{18C75279-346C-425E-B0DA-A901967DB078}.Release|x64.ActiveCfg = Release|Any CPU
		{18C75279-346C-425E-B0DA-A901967DB078}.Release|x64.Build.0 = Release|Any CPU
		{18C75279-346C-425E-B0DA-A901967DB078}.Release|x86.ActiveCfg = Release|Any CPU
		{18C75279-346C-425E-B0DA-A901967DB078}.Release|x86.Build.0 = Release|Any CPU
		{6D928935-744B-44FB-B35A-F684D1D95BD3}.Debug|Any CPU.ActiveCfg = Debug|Any CPU
		{6D928935-744B-44FB-B35A-F684D1D95BD3}.Debug|Any CPU.Build.0 = Debug|Any CPU
		{6D928935-744B-44FB-B35A-F684D1D95BD3}.Debug|x64.ActiveCfg = Debug|Any CPU
		{6D928935-744B-44FB-B35A-F684D1D95BD3}.Debug|x64.Build.0 = Debug|Any CPU
		{6D928935-744B-44FB-B35A-F684D1D95BD3}.Debug|x86.ActiveCfg = Debug|Any CPU
		{6D928935-744B-44FB-B35A-F684D1D95BD3}.Debug|x86.Build.0 = Debug|Any CPU
		{6D928935-744B-44FB-B35A-F684D1D95BD3}.Release|Any CPU.ActiveCfg = Release|Any CPU
		{6D928935-744B-44FB-B35A-F684D1D95BD3}.Release|Any CPU.Build.0 = Release|Any CPU
		{6D928935-744B-44FB-B35A-F684D1D95BD3}.Release|x64.ActiveCfg = Release|Any CPU
		{6D928935-744B-44FB-B35A-F684D1D95BD3}.Release|x64.Build.0 = Release|Any CPU
		{6D928935-744B-44FB-B35A-F684D1D95BD3}.Release|x86.ActiveCfg = Release|Any CPU
		{6D928935-744B-44FB-B35A-F684D1D95BD3}.Release|x86.Build.0 = Release|Any CPU
		{361B1B9B-F426-4606-ABCB-251FE6D04359}.Debug|Any CPU.ActiveCfg = Debug|Any CPU
		{361B1B9B-F426-4606-ABCB-251FE6D04359}.Debug|Any CPU.Build.0 = Debug|Any CPU
		{361B1B9B-F426-4606-ABCB-251FE6D04359}.Debug|x64.ActiveCfg = Debug|Any CPU
		{361B1B9B-F426-4606-ABCB-251FE6D04359}.Debug|x64.Build.0 = Debug|Any CPU
		{361B1B9B-F426-4606-ABCB-251FE6D04359}.Debug|x86.ActiveCfg = Debug|Any CPU
		{361B1B9B-F426-4606-ABCB-251FE6D04359}.Debug|x86.Build.0 = Debug|Any CPU
		{361B1B9B-F426-4606-ABCB-251FE6D04359}.Release|Any CPU.ActiveCfg = Release|Any CPU
		{361B1B9B-F426-4606-ABCB-251FE6D04359}.Release|Any CPU.Build.0 = Release|Any CPU
		{361B1B9B-F426-4606-ABCB-251FE6D04359}.Release|x64.ActiveCfg = Release|Any CPU
		{361B1B9B-F426-4606-ABCB-251FE6D04359}.Release|x64.Build.0 = Release|Any CPU
		{361B1B9B-F426-4606-ABCB-251FE6D04359}.Release|x86.ActiveCfg = Release|Any CPU
		{361B1B9B-F426-4606-ABCB-251FE6D04359}.Release|x86.Build.0 = Release|Any CPU
		{FFE9739B-4FCA-48DD-9292-4D7A0C7F7CCC}.Debug|Any CPU.ActiveCfg = Debug|Any CPU
		{FFE9739B-4FCA-48DD-9292-4D7A0C7F7CCC}.Debug|Any CPU.Build.0 = Debug|Any CPU
		{FFE9739B-4FCA-48DD-9292-4D7A0C7F7CCC}.Debug|x64.ActiveCfg = Debug|Any CPU
		{FFE9739B-4FCA-48DD-9292-4D7A0C7F7CCC}.Debug|x64.Build.0 = Debug|Any CPU
		{FFE9739B-4FCA-48DD-9292-4D7A0C7F7CCC}.Debug|x86.ActiveCfg = Debug|Any CPU
		{FFE9739B-4FCA-48DD-9292-4D7A0C7F7CCC}.Debug|x86.Build.0 = Debug|Any CPU
		{FFE9739B-4FCA-48DD-9292-4D7A0C7F7CCC}.Release|Any CPU.ActiveCfg = Release|Any CPU
		{FFE9739B-4FCA-48DD-9292-4D7A0C7F7CCC}.Release|Any CPU.Build.0 = Release|Any CPU
		{FFE9739B-4FCA-48DD-9292-4D7A0C7F7CCC}.Release|x64.ActiveCfg = Release|Any CPU
		{FFE9739B-4FCA-48DD-9292-4D7A0C7F7CCC}.Release|x64.Build.0 = Release|Any CPU
		{FFE9739B-4FCA-48DD-9292-4D7A0C7F7CCC}.Release|x86.ActiveCfg = Release|Any CPU
		{FFE9739B-4FCA-48DD-9292-4D7A0C7F7CCC}.Release|x86.Build.0 = Release|Any CPU
		{9AE13087-4F1A-461D-BB6B-817A7AF86420}.Debug|Any CPU.ActiveCfg = Debug|Any CPU
		{9AE13087-4F1A-461D-BB6B-817A7AF86420}.Debug|Any CPU.Build.0 = Debug|Any CPU
		{9AE13087-4F1A-461D-BB6B-817A7AF86420}.Debug|x64.ActiveCfg = Debug|Any CPU
		{9AE13087-4F1A-461D-BB6B-817A7AF86420}.Debug|x64.Build.0 = Debug|Any CPU
		{9AE13087-4F1A-461D-BB6B-817A7AF86420}.Debug|x86.ActiveCfg = Debug|Any CPU
		{9AE13087-4F1A-461D-BB6B-817A7AF86420}.Debug|x86.Build.0 = Debug|Any CPU
		{9AE13087-4F1A-461D-BB6B-817A7AF86420}.Release|Any CPU.ActiveCfg = Release|Any CPU
		{9AE13087-4F1A-461D-BB6B-817A7AF86420}.Release|Any CPU.Build.0 = Release|Any CPU
		{9AE13087-4F1A-461D-BB6B-817A7AF86420}.Release|x64.ActiveCfg = Release|Any CPU
		{9AE13087-4F1A-461D-BB6B-817A7AF86420}.Release|x64.Build.0 = Release|Any CPU
		{9AE13087-4F1A-461D-BB6B-817A7AF86420}.Release|x86.ActiveCfg = Release|Any CPU
		{9AE13087-4F1A-461D-BB6B-817A7AF86420}.Release|x86.Build.0 = Release|Any CPU
		{696BABAB-382E-49E5-80A6-A257D7E94326}.Debug|Any CPU.ActiveCfg = Debug|Any CPU
		{696BABAB-382E-49E5-80A6-A257D7E94326}.Debug|Any CPU.Build.0 = Debug|Any CPU
		{696BABAB-382E-49E5-80A6-A257D7E94326}.Debug|x64.ActiveCfg = Debug|Any CPU
		{696BABAB-382E-49E5-80A6-A257D7E94326}.Debug|x64.Build.0 = Debug|Any CPU
		{696BABAB-382E-49E5-80A6-A257D7E94326}.Debug|x86.ActiveCfg = Debug|Any CPU
		{696BABAB-382E-49E5-80A6-A257D7E94326}.Debug|x86.Build.0 = Debug|Any CPU
		{696BABAB-382E-49E5-80A6-A257D7E94326}.Release|Any CPU.ActiveCfg = Release|Any CPU
		{696BABAB-382E-49E5-80A6-A257D7E94326}.Release|Any CPU.Build.0 = Release|Any CPU
		{696BABAB-382E-49E5-80A6-A257D7E94326}.Release|x64.ActiveCfg = Release|Any CPU
		{696BABAB-382E-49E5-80A6-A257D7E94326}.Release|x64.Build.0 = Release|Any CPU
		{696BABAB-382E-49E5-80A6-A257D7E94326}.Release|x86.ActiveCfg = Release|Any CPU
		{696BABAB-382E-49E5-80A6-A257D7E94326}.Release|x86.Build.0 = Release|Any CPU
		{D71592BC-3E27-4F3C-AB74-2E551313D2FD}.Debug|Any CPU.ActiveCfg = Debug|Any CPU
		{D71592BC-3E27-4F3C-AB74-2E551313D2FD}.Debug|Any CPU.Build.0 = Debug|Any CPU
		{D71592BC-3E27-4F3C-AB74-2E551313D2FD}.Debug|x64.ActiveCfg = Debug|Any CPU
		{D71592BC-3E27-4F3C-AB74-2E551313D2FD}.Debug|x64.Build.0 = Debug|Any CPU
		{D71592BC-3E27-4F3C-AB74-2E551313D2FD}.Debug|x86.ActiveCfg = Debug|Any CPU
		{D71592BC-3E27-4F3C-AB74-2E551313D2FD}.Debug|x86.Build.0 = Debug|Any CPU
		{D71592BC-3E27-4F3C-AB74-2E551313D2FD}.Release|Any CPU.ActiveCfg = Release|Any CPU
		{D71592BC-3E27-4F3C-AB74-2E551313D2FD}.Release|Any CPU.Build.0 = Release|Any CPU
		{D71592BC-3E27-4F3C-AB74-2E551313D2FD}.Release|x64.ActiveCfg = Release|Any CPU
		{D71592BC-3E27-4F3C-AB74-2E551313D2FD}.Release|x64.Build.0 = Release|Any CPU
		{D71592BC-3E27-4F3C-AB74-2E551313D2FD}.Release|x86.ActiveCfg = Release|Any CPU
		{D71592BC-3E27-4F3C-AB74-2E551313D2FD}.Release|x86.Build.0 = Release|Any CPU
		{B703BB8B-381C-432B-86AD-4D526C53030A}.Debug|Any CPU.ActiveCfg = Debug|Any CPU
		{B703BB8B-381C-432B-86AD-4D526C53030A}.Debug|Any CPU.Build.0 = Debug|Any CPU
		{B703BB8B-381C-432B-86AD-4D526C53030A}.Debug|x64.ActiveCfg = Debug|Any CPU
		{B703BB8B-381C-432B-86AD-4D526C53030A}.Debug|x64.Build.0 = Debug|Any CPU
		{B703BB8B-381C-432B-86AD-4D526C53030A}.Debug|x86.ActiveCfg = Debug|Any CPU
		{B703BB8B-381C-432B-86AD-4D526C53030A}.Debug|x86.Build.0 = Debug|Any CPU
		{B703BB8B-381C-432B-86AD-4D526C53030A}.Release|Any CPU.ActiveCfg = Release|Any CPU
		{B703BB8B-381C-432B-86AD-4D526C53030A}.Release|Any CPU.Build.0 = Release|Any CPU
		{B703BB8B-381C-432B-86AD-4D526C53030A}.Release|x64.ActiveCfg = Release|Any CPU
		{B703BB8B-381C-432B-86AD-4D526C53030A}.Release|x64.Build.0 = Release|Any CPU
		{B703BB8B-381C-432B-86AD-4D526C53030A}.Release|x86.ActiveCfg = Release|Any CPU
		{B703BB8B-381C-432B-86AD-4D526C53030A}.Release|x86.Build.0 = Release|Any CPU
		{884850F8-F791-49A5-AEA6-246B8A3053C6}.Debug|Any CPU.ActiveCfg = Debug|Any CPU
		{884850F8-F791-49A5-AEA6-246B8A3053C6}.Debug|Any CPU.Build.0 = Debug|Any CPU
		{884850F8-F791-49A5-AEA6-246B8A3053C6}.Debug|x64.ActiveCfg = Debug|Any CPU
		{884850F8-F791-49A5-AEA6-246B8A3053C6}.Debug|x64.Build.0 = Debug|Any CPU
		{884850F8-F791-49A5-AEA6-246B8A3053C6}.Debug|x86.ActiveCfg = Debug|Any CPU
		{884850F8-F791-49A5-AEA6-246B8A3053C6}.Debug|x86.Build.0 = Debug|Any CPU
		{884850F8-F791-49A5-AEA6-246B8A3053C6}.Release|Any CPU.ActiveCfg = Release|Any CPU
		{884850F8-F791-49A5-AEA6-246B8A3053C6}.Release|Any CPU.Build.0 = Release|Any CPU
		{884850F8-F791-49A5-AEA6-246B8A3053C6}.Release|x64.ActiveCfg = Release|Any CPU
		{884850F8-F791-49A5-AEA6-246B8A3053C6}.Release|x64.Build.0 = Release|Any CPU
		{884850F8-F791-49A5-AEA6-246B8A3053C6}.Release|x86.ActiveCfg = Release|Any CPU
		{884850F8-F791-49A5-AEA6-246B8A3053C6}.Release|x86.Build.0 = Release|Any CPU
		{A7087ACA-A7B4-4F2F-BA16-BCEBEF061A0F}.Debug|Any CPU.ActiveCfg = Debug|Any CPU
		{A7087ACA-A7B4-4F2F-BA16-BCEBEF061A0F}.Debug|Any CPU.Build.0 = Debug|Any CPU
		{A7087ACA-A7B4-4F2F-BA16-BCEBEF061A0F}.Debug|x64.ActiveCfg = Debug|Any CPU
		{A7087ACA-A7B4-4F2F-BA16-BCEBEF061A0F}.Debug|x64.Build.0 = Debug|Any CPU
		{A7087ACA-A7B4-4F2F-BA16-BCEBEF061A0F}.Debug|x86.ActiveCfg = Debug|Any CPU
		{A7087ACA-A7B4-4F2F-BA16-BCEBEF061A0F}.Debug|x86.Build.0 = Debug|Any CPU
		{A7087ACA-A7B4-4F2F-BA16-BCEBEF061A0F}.Release|Any CPU.ActiveCfg = Release|Any CPU
		{A7087ACA-A7B4-4F2F-BA16-BCEBEF061A0F}.Release|Any CPU.Build.0 = Release|Any CPU
		{A7087ACA-A7B4-4F2F-BA16-BCEBEF061A0F}.Release|x64.ActiveCfg = Release|Any CPU
		{A7087ACA-A7B4-4F2F-BA16-BCEBEF061A0F}.Release|x64.Build.0 = Release|Any CPU
		{A7087ACA-A7B4-4F2F-BA16-BCEBEF061A0F}.Release|x86.ActiveCfg = Release|Any CPU
		{A7087ACA-A7B4-4F2F-BA16-BCEBEF061A0F}.Release|x86.Build.0 = Release|Any CPU
		{BFFA5AF2-4086-47D3-A613-624C4D099176}.Debug|Any CPU.ActiveCfg = Debug|Any CPU
		{BFFA5AF2-4086-47D3-A613-624C4D099176}.Debug|Any CPU.Build.0 = Debug|Any CPU
		{BFFA5AF2-4086-47D3-A613-624C4D099176}.Debug|x64.ActiveCfg = Debug|Any CPU
		{BFFA5AF2-4086-47D3-A613-624C4D099176}.Debug|x64.Build.0 = Debug|Any CPU
		{BFFA5AF2-4086-47D3-A613-624C4D099176}.Debug|x86.ActiveCfg = Debug|Any CPU
		{BFFA5AF2-4086-47D3-A613-624C4D099176}.Debug|x86.Build.0 = Debug|Any CPU
		{BFFA5AF2-4086-47D3-A613-624C4D099176}.Release|Any CPU.ActiveCfg = Release|Any CPU
		{BFFA5AF2-4086-47D3-A613-624C4D099176}.Release|Any CPU.Build.0 = Release|Any CPU
		{BFFA5AF2-4086-47D3-A613-624C4D099176}.Release|x64.ActiveCfg = Release|Any CPU
		{BFFA5AF2-4086-47D3-A613-624C4D099176}.Release|x64.Build.0 = Release|Any CPU
		{BFFA5AF2-4086-47D3-A613-624C4D099176}.Release|x86.ActiveCfg = Release|Any CPU
		{BFFA5AF2-4086-47D3-A613-624C4D099176}.Release|x86.Build.0 = Release|Any CPU
		{4818CD4E-D27C-4432-A5E4-4A6E62321DE0}.Debug|Any CPU.ActiveCfg = Debug|Any CPU
		{4818CD4E-D27C-4432-A5E4-4A6E62321DE0}.Debug|Any CPU.Build.0 = Debug|Any CPU
		{4818CD4E-D27C-4432-A5E4-4A6E62321DE0}.Debug|x64.ActiveCfg = Debug|Any CPU
		{4818CD4E-D27C-4432-A5E4-4A6E62321DE0}.Debug|x64.Build.0 = Debug|Any CPU
		{4818CD4E-D27C-4432-A5E4-4A6E62321DE0}.Debug|x86.ActiveCfg = Debug|Any CPU
		{4818CD4E-D27C-4432-A5E4-4A6E62321DE0}.Debug|x86.Build.0 = Debug|Any CPU
		{4818CD4E-D27C-4432-A5E4-4A6E62321DE0}.Release|Any CPU.ActiveCfg = Release|Any CPU
		{4818CD4E-D27C-4432-A5E4-4A6E62321DE0}.Release|Any CPU.Build.0 = Release|Any CPU
		{4818CD4E-D27C-4432-A5E4-4A6E62321DE0}.Release|x64.ActiveCfg = Release|Any CPU
		{4818CD4E-D27C-4432-A5E4-4A6E62321DE0}.Release|x64.Build.0 = Release|Any CPU
		{4818CD4E-D27C-4432-A5E4-4A6E62321DE0}.Release|x86.ActiveCfg = Release|Any CPU
		{4818CD4E-D27C-4432-A5E4-4A6E62321DE0}.Release|x86.Build.0 = Release|Any CPU
		{391DABFE-CED3-403B-A085-FDD05842D16F}.Debug|Any CPU.ActiveCfg = Debug|Any CPU
		{391DABFE-CED3-403B-A085-FDD05842D16F}.Debug|Any CPU.Build.0 = Debug|Any CPU
		{391DABFE-CED3-403B-A085-FDD05842D16F}.Debug|x64.ActiveCfg = Debug|Any CPU
		{391DABFE-CED3-403B-A085-FDD05842D16F}.Debug|x64.Build.0 = Debug|Any CPU
		{391DABFE-CED3-403B-A085-FDD05842D16F}.Debug|x86.ActiveCfg = Debug|Any CPU
		{391DABFE-CED3-403B-A085-FDD05842D16F}.Debug|x86.Build.0 = Debug|Any CPU
		{391DABFE-CED3-403B-A085-FDD05842D16F}.Release|Any CPU.ActiveCfg = Release|Any CPU
		{391DABFE-CED3-403B-A085-FDD05842D16F}.Release|Any CPU.Build.0 = Release|Any CPU
		{391DABFE-CED3-403B-A085-FDD05842D16F}.Release|x64.ActiveCfg = Release|Any CPU
		{391DABFE-CED3-403B-A085-FDD05842D16F}.Release|x64.Build.0 = Release|Any CPU
		{391DABFE-CED3-403B-A085-FDD05842D16F}.Release|x86.ActiveCfg = Release|Any CPU
		{391DABFE-CED3-403B-A085-FDD05842D16F}.Release|x86.Build.0 = Release|Any CPU
		{3DDF4B57-C54E-4AC6-81C4-1C088469AB7C}.Debug|Any CPU.ActiveCfg = Debug|Any CPU
		{3DDF4B57-C54E-4AC6-81C4-1C088469AB7C}.Debug|Any CPU.Build.0 = Debug|Any CPU
		{3DDF4B57-C54E-4AC6-81C4-1C088469AB7C}.Debug|x64.ActiveCfg = Debug|Any CPU
		{3DDF4B57-C54E-4AC6-81C4-1C088469AB7C}.Debug|x64.Build.0 = Debug|Any CPU
		{3DDF4B57-C54E-4AC6-81C4-1C088469AB7C}.Debug|x86.ActiveCfg = Debug|Any CPU
		{3DDF4B57-C54E-4AC6-81C4-1C088469AB7C}.Debug|x86.Build.0 = Debug|Any CPU
		{3DDF4B57-C54E-4AC6-81C4-1C088469AB7C}.Release|Any CPU.ActiveCfg = Release|Any CPU
		{3DDF4B57-C54E-4AC6-81C4-1C088469AB7C}.Release|Any CPU.Build.0 = Release|Any CPU
		{3DDF4B57-C54E-4AC6-81C4-1C088469AB7C}.Release|x64.ActiveCfg = Release|Any CPU
		{3DDF4B57-C54E-4AC6-81C4-1C088469AB7C}.Release|x64.Build.0 = Release|Any CPU
		{3DDF4B57-C54E-4AC6-81C4-1C088469AB7C}.Release|x86.ActiveCfg = Release|Any CPU
		{3DDF4B57-C54E-4AC6-81C4-1C088469AB7C}.Release|x86.Build.0 = Release|Any CPU
		{68FA1FB2-6DB1-44CA-91A3-E704F99E8337}.Debug|Any CPU.ActiveCfg = Debug|Any CPU
		{68FA1FB2-6DB1-44CA-91A3-E704F99E8337}.Debug|Any CPU.Build.0 = Debug|Any CPU
		{68FA1FB2-6DB1-44CA-91A3-E704F99E8337}.Debug|x64.ActiveCfg = Debug|Any CPU
		{68FA1FB2-6DB1-44CA-91A3-E704F99E8337}.Debug|x64.Build.0 = Debug|Any CPU
		{68FA1FB2-6DB1-44CA-91A3-E704F99E8337}.Debug|x86.ActiveCfg = Debug|Any CPU
		{68FA1FB2-6DB1-44CA-91A3-E704F99E8337}.Debug|x86.Build.0 = Debug|Any CPU
		{68FA1FB2-6DB1-44CA-91A3-E704F99E8337}.Release|Any CPU.ActiveCfg = Release|Any CPU
		{68FA1FB2-6DB1-44CA-91A3-E704F99E8337}.Release|Any CPU.Build.0 = Release|Any CPU
		{68FA1FB2-6DB1-44CA-91A3-E704F99E8337}.Release|x64.ActiveCfg = Release|Any CPU
		{68FA1FB2-6DB1-44CA-91A3-E704F99E8337}.Release|x64.Build.0 = Release|Any CPU
		{68FA1FB2-6DB1-44CA-91A3-E704F99E8337}.Release|x86.ActiveCfg = Release|Any CPU
		{68FA1FB2-6DB1-44CA-91A3-E704F99E8337}.Release|x86.Build.0 = Release|Any CPU
		{C712F716-CCD2-4028-95C6-CFBFFEEA2F89}.Debug|Any CPU.ActiveCfg = Debug|Any CPU
		{C712F716-CCD2-4028-95C6-CFBFFEEA2F89}.Debug|Any CPU.Build.0 = Debug|Any CPU
		{C712F716-CCD2-4028-95C6-CFBFFEEA2F89}.Debug|x64.ActiveCfg = Debug|Any CPU
		{C712F716-CCD2-4028-95C6-CFBFFEEA2F89}.Debug|x64.Build.0 = Debug|Any CPU
		{C712F716-CCD2-4028-95C6-CFBFFEEA2F89}.Debug|x86.ActiveCfg = Debug|Any CPU
		{C712F716-CCD2-4028-95C6-CFBFFEEA2F89}.Debug|x86.Build.0 = Debug|Any CPU
		{C712F716-CCD2-4028-95C6-CFBFFEEA2F89}.Release|Any CPU.ActiveCfg = Release|Any CPU
		{C712F716-CCD2-4028-95C6-CFBFFEEA2F89}.Release|Any CPU.Build.0 = Release|Any CPU
		{C712F716-CCD2-4028-95C6-CFBFFEEA2F89}.Release|x64.ActiveCfg = Release|Any CPU
		{C712F716-CCD2-4028-95C6-CFBFFEEA2F89}.Release|x64.Build.0 = Release|Any CPU
		{C712F716-CCD2-4028-95C6-CFBFFEEA2F89}.Release|x86.ActiveCfg = Release|Any CPU
		{C712F716-CCD2-4028-95C6-CFBFFEEA2F89}.Release|x86.Build.0 = Release|Any CPU
		{DCB0A5CA-CF60-46C0-AD9D-739FA5271CB6}.Debug|Any CPU.ActiveCfg = Debug|Any CPU
		{DCB0A5CA-CF60-46C0-AD9D-739FA5271CB6}.Debug|Any CPU.Build.0 = Debug|Any CPU
		{DCB0A5CA-CF60-46C0-AD9D-739FA5271CB6}.Debug|x64.ActiveCfg = Debug|Any CPU
		{DCB0A5CA-CF60-46C0-AD9D-739FA5271CB6}.Debug|x64.Build.0 = Debug|Any CPU
		{DCB0A5CA-CF60-46C0-AD9D-739FA5271CB6}.Debug|x86.ActiveCfg = Debug|Any CPU
		{DCB0A5CA-CF60-46C0-AD9D-739FA5271CB6}.Debug|x86.Build.0 = Debug|Any CPU
		{DCB0A5CA-CF60-46C0-AD9D-739FA5271CB6}.Release|Any CPU.ActiveCfg = Release|Any CPU
		{DCB0A5CA-CF60-46C0-AD9D-739FA5271CB6}.Release|Any CPU.Build.0 = Release|Any CPU
		{DCB0A5CA-CF60-46C0-AD9D-739FA5271CB6}.Release|x64.ActiveCfg = Release|Any CPU
		{DCB0A5CA-CF60-46C0-AD9D-739FA5271CB6}.Release|x64.Build.0 = Release|Any CPU
		{DCB0A5CA-CF60-46C0-AD9D-739FA5271CB6}.Release|x86.ActiveCfg = Release|Any CPU
		{DCB0A5CA-CF60-46C0-AD9D-739FA5271CB6}.Release|x86.Build.0 = Release|Any CPU
		{ADC2825E-40C9-4F1D-971A-A5F6E82E05DB}.Debug|Any CPU.ActiveCfg = Debug|Any CPU
		{ADC2825E-40C9-4F1D-971A-A5F6E82E05DB}.Debug|Any CPU.Build.0 = Debug|Any CPU
		{ADC2825E-40C9-4F1D-971A-A5F6E82E05DB}.Debug|x64.ActiveCfg = Debug|Any CPU
		{ADC2825E-40C9-4F1D-971A-A5F6E82E05DB}.Debug|x64.Build.0 = Debug|Any CPU
		{ADC2825E-40C9-4F1D-971A-A5F6E82E05DB}.Debug|x86.ActiveCfg = Debug|Any CPU
		{ADC2825E-40C9-4F1D-971A-A5F6E82E05DB}.Debug|x86.Build.0 = Debug|Any CPU
		{ADC2825E-40C9-4F1D-971A-A5F6E82E05DB}.Release|Any CPU.ActiveCfg = Release|Any CPU
		{ADC2825E-40C9-4F1D-971A-A5F6E82E05DB}.Release|Any CPU.Build.0 = Release|Any CPU
		{ADC2825E-40C9-4F1D-971A-A5F6E82E05DB}.Release|x64.ActiveCfg = Release|Any CPU
		{ADC2825E-40C9-4F1D-971A-A5F6E82E05DB}.Release|x64.Build.0 = Release|Any CPU
		{ADC2825E-40C9-4F1D-971A-A5F6E82E05DB}.Release|x86.ActiveCfg = Release|Any CPU
		{ADC2825E-40C9-4F1D-971A-A5F6E82E05DB}.Release|x86.Build.0 = Release|Any CPU
		{DB5733EE-0445-4EE0-8C36-CCC3230165B7}.Debug|Any CPU.ActiveCfg = Debug|Any CPU
		{DB5733EE-0445-4EE0-8C36-CCC3230165B7}.Debug|Any CPU.Build.0 = Debug|Any CPU
		{DB5733EE-0445-4EE0-8C36-CCC3230165B7}.Debug|x64.ActiveCfg = Debug|Any CPU
		{DB5733EE-0445-4EE0-8C36-CCC3230165B7}.Debug|x64.Build.0 = Debug|Any CPU
		{DB5733EE-0445-4EE0-8C36-CCC3230165B7}.Debug|x86.ActiveCfg = Debug|Any CPU
		{DB5733EE-0445-4EE0-8C36-CCC3230165B7}.Debug|x86.Build.0 = Debug|Any CPU
		{DB5733EE-0445-4EE0-8C36-CCC3230165B7}.Release|Any CPU.ActiveCfg = Release|Any CPU
		{DB5733EE-0445-4EE0-8C36-CCC3230165B7}.Release|Any CPU.Build.0 = Release|Any CPU
		{DB5733EE-0445-4EE0-8C36-CCC3230165B7}.Release|x64.ActiveCfg = Release|Any CPU
		{DB5733EE-0445-4EE0-8C36-CCC3230165B7}.Release|x64.Build.0 = Release|Any CPU
		{DB5733EE-0445-4EE0-8C36-CCC3230165B7}.Release|x86.ActiveCfg = Release|Any CPU
		{DB5733EE-0445-4EE0-8C36-CCC3230165B7}.Release|x86.Build.0 = Release|Any CPU
		{44FE3448-6DD1-4260-AABA-A6EC00477732}.Debug|Any CPU.ActiveCfg = Debug|Any CPU
		{44FE3448-6DD1-4260-AABA-A6EC00477732}.Debug|Any CPU.Build.0 = Debug|Any CPU
		{44FE3448-6DD1-4260-AABA-A6EC00477732}.Debug|x64.ActiveCfg = Debug|Any CPU
		{44FE3448-6DD1-4260-AABA-A6EC00477732}.Debug|x64.Build.0 = Debug|Any CPU
		{44FE3448-6DD1-4260-AABA-A6EC00477732}.Debug|x86.ActiveCfg = Debug|Any CPU
		{44FE3448-6DD1-4260-AABA-A6EC00477732}.Debug|x86.Build.0 = Debug|Any CPU
		{44FE3448-6DD1-4260-AABA-A6EC00477732}.Release|Any CPU.ActiveCfg = Release|Any CPU
		{44FE3448-6DD1-4260-AABA-A6EC00477732}.Release|Any CPU.Build.0 = Release|Any CPU
		{44FE3448-6DD1-4260-AABA-A6EC00477732}.Release|x64.ActiveCfg = Release|Any CPU
		{44FE3448-6DD1-4260-AABA-A6EC00477732}.Release|x64.Build.0 = Release|Any CPU
		{44FE3448-6DD1-4260-AABA-A6EC00477732}.Release|x86.ActiveCfg = Release|Any CPU
		{44FE3448-6DD1-4260-AABA-A6EC00477732}.Release|x86.Build.0 = Release|Any CPU
		{8F0190EA-73C7-4CB0-B684-7435F0B1FE18}.Debug|Any CPU.ActiveCfg = Debug|Any CPU
		{8F0190EA-73C7-4CB0-B684-7435F0B1FE18}.Debug|Any CPU.Build.0 = Debug|Any CPU
		{8F0190EA-73C7-4CB0-B684-7435F0B1FE18}.Debug|x64.ActiveCfg = Debug|Any CPU
		{8F0190EA-73C7-4CB0-B684-7435F0B1FE18}.Debug|x64.Build.0 = Debug|Any CPU
		{8F0190EA-73C7-4CB0-B684-7435F0B1FE18}.Debug|x86.ActiveCfg = Debug|Any CPU
		{8F0190EA-73C7-4CB0-B684-7435F0B1FE18}.Debug|x86.Build.0 = Debug|Any CPU
		{8F0190EA-73C7-4CB0-B684-7435F0B1FE18}.Release|Any CPU.ActiveCfg = Release|Any CPU
		{8F0190EA-73C7-4CB0-B684-7435F0B1FE18}.Release|Any CPU.Build.0 = Release|Any CPU
		{8F0190EA-73C7-4CB0-B684-7435F0B1FE18}.Release|x64.ActiveCfg = Release|Any CPU
		{8F0190EA-73C7-4CB0-B684-7435F0B1FE18}.Release|x64.Build.0 = Release|Any CPU
		{8F0190EA-73C7-4CB0-B684-7435F0B1FE18}.Release|x86.ActiveCfg = Release|Any CPU
		{8F0190EA-73C7-4CB0-B684-7435F0B1FE18}.Release|x86.Build.0 = Release|Any CPU
		{438F12AF-0340-4E83-A3A7-81008EC3028E}.Debug|Any CPU.ActiveCfg = Debug|Any CPU
		{438F12AF-0340-4E83-A3A7-81008EC3028E}.Debug|Any CPU.Build.0 = Debug|Any CPU
		{438F12AF-0340-4E83-A3A7-81008EC3028E}.Debug|x64.ActiveCfg = Debug|Any CPU
		{438F12AF-0340-4E83-A3A7-81008EC3028E}.Debug|x64.Build.0 = Debug|Any CPU
		{438F12AF-0340-4E83-A3A7-81008EC3028E}.Debug|x86.ActiveCfg = Debug|Any CPU
		{438F12AF-0340-4E83-A3A7-81008EC3028E}.Debug|x86.Build.0 = Debug|Any CPU
		{438F12AF-0340-4E83-A3A7-81008EC3028E}.Release|Any CPU.ActiveCfg = Release|Any CPU
		{438F12AF-0340-4E83-A3A7-81008EC3028E}.Release|Any CPU.Build.0 = Release|Any CPU
		{438F12AF-0340-4E83-A3A7-81008EC3028E}.Release|x64.ActiveCfg = Release|Any CPU
		{438F12AF-0340-4E83-A3A7-81008EC3028E}.Release|x64.Build.0 = Release|Any CPU
		{438F12AF-0340-4E83-A3A7-81008EC3028E}.Release|x86.ActiveCfg = Release|Any CPU
		{438F12AF-0340-4E83-A3A7-81008EC3028E}.Release|x86.Build.0 = Release|Any CPU
		{0745B52F-B098-455D-B843-D93679D6BC8B}.Debug|Any CPU.ActiveCfg = Debug|Any CPU
		{0745B52F-B098-455D-B843-D93679D6BC8B}.Debug|Any CPU.Build.0 = Debug|Any CPU
		{0745B52F-B098-455D-B843-D93679D6BC8B}.Debug|x64.ActiveCfg = Debug|Any CPU
		{0745B52F-B098-455D-B843-D93679D6BC8B}.Debug|x64.Build.0 = Debug|Any CPU
		{0745B52F-B098-455D-B843-D93679D6BC8B}.Debug|x86.ActiveCfg = Debug|Any CPU
		{0745B52F-B098-455D-B843-D93679D6BC8B}.Debug|x86.Build.0 = Debug|Any CPU
		{0745B52F-B098-455D-B843-D93679D6BC8B}.Release|Any CPU.ActiveCfg = Release|Any CPU
		{0745B52F-B098-455D-B843-D93679D6BC8B}.Release|Any CPU.Build.0 = Release|Any CPU
		{0745B52F-B098-455D-B843-D93679D6BC8B}.Release|x64.ActiveCfg = Release|Any CPU
		{0745B52F-B098-455D-B843-D93679D6BC8B}.Release|x64.Build.0 = Release|Any CPU
		{0745B52F-B098-455D-B843-D93679D6BC8B}.Release|x86.ActiveCfg = Release|Any CPU
		{0745B52F-B098-455D-B843-D93679D6BC8B}.Release|x86.Build.0 = Release|Any CPU
		{8470400F-E695-45E8-9BB5-94094593983B}.Debug|Any CPU.ActiveCfg = Debug|Any CPU
		{8470400F-E695-45E8-9BB5-94094593983B}.Debug|Any CPU.Build.0 = Debug|Any CPU
		{8470400F-E695-45E8-9BB5-94094593983B}.Debug|x64.ActiveCfg = Debug|Any CPU
		{8470400F-E695-45E8-9BB5-94094593983B}.Debug|x64.Build.0 = Debug|Any CPU
		{8470400F-E695-45E8-9BB5-94094593983B}.Debug|x86.ActiveCfg = Debug|Any CPU
		{8470400F-E695-45E8-9BB5-94094593983B}.Debug|x86.Build.0 = Debug|Any CPU
		{8470400F-E695-45E8-9BB5-94094593983B}.Release|Any CPU.ActiveCfg = Release|Any CPU
		{8470400F-E695-45E8-9BB5-94094593983B}.Release|Any CPU.Build.0 = Release|Any CPU
		{8470400F-E695-45E8-9BB5-94094593983B}.Release|x64.ActiveCfg = Release|Any CPU
		{8470400F-E695-45E8-9BB5-94094593983B}.Release|x64.Build.0 = Release|Any CPU
		{8470400F-E695-45E8-9BB5-94094593983B}.Release|x86.ActiveCfg = Release|Any CPU
		{8470400F-E695-45E8-9BB5-94094593983B}.Release|x86.Build.0 = Release|Any CPU
	EndGlobalSection
	GlobalSection(SolutionProperties) = preSolution
		HideSolutionNode = FALSE
	EndGlobalSection
	GlobalSection(NestedProjects) = preSolution
		{981C2CF6-E5BB-602A-511C-234B538302B0} = {827E0CD3-B72D-47B6-A68D-7590B98EB39B}
		{7E1BEFB1-DDE3-4CC6-9CD3-B563C4D446DE} = {981C2CF6-E5BB-602A-511C-234B538302B0}
		{C8E42992-5E42-0C2B-DBFE-AA848D06431C} = {827E0CD3-B72D-47B6-A68D-7590B98EB39B}
		{244A770F-33DE-43F3-92B2-8441DCFCA1E2} = {C8E42992-5E42-0C2B-DBFE-AA848D06431C}
		{00B1CEA6-6C12-4B5A-8AFD-6EDAE3BF6C29} = {0AB3BF05-4346-4AA6-1389-037BE0695223}
		{92982E4E-FCE3-4A18-974E-B6C7FF2BBCB6} = {C8E42992-5E42-0C2B-DBFE-AA848D06431C}
		{EC713E9A-A955-412F-AE01-2C6BEA0C0143} = {C8E42992-5E42-0C2B-DBFE-AA848D06431C}
		{69AE86F0-5168-455A-9445-F7D72CF01C7C} = {0AB3BF05-4346-4AA6-1389-037BE0695223}
		{EC447DCF-ABFA-6E24-52A5-D7FD48A5C558} = {827E0CD3-B72D-47B6-A68D-7590B98EB39B}
		{F528E1F6-8C1D-A641-996D-DF841B26501A} = {EC447DCF-ABFA-6E24-52A5-D7FD48A5C558}
		{9AC77996-7061-4BF8-8D8A-8EBC6A258416} = {F528E1F6-8C1D-A641-996D-DF841B26501A}
		{327C70B8-EA1A-40D0-B065-BAB0F4056E7C} = {F528E1F6-8C1D-A641-996D-DF841B26501A}
		{18C75279-346C-425E-B0DA-A901967DB078} = {F528E1F6-8C1D-A641-996D-DF841B26501A}
		{B7504168-2F66-9EF4-E8D7-36B98062A6F8} = {EC447DCF-ABFA-6E24-52A5-D7FD48A5C558}
		{6D928935-744B-44FB-B35A-F684D1D95BD3} = {B7504168-2F66-9EF4-E8D7-36B98062A6F8}
		{361B1B9B-F426-4606-ABCB-251FE6D04359} = {B7504168-2F66-9EF4-E8D7-36B98062A6F8}
		{FFE9739B-4FCA-48DD-9292-4D7A0C7F7CCC} = {B7504168-2F66-9EF4-E8D7-36B98062A6F8}
		{AD543401-B4A7-AC95-DA94-6718F3C81BEB} = {EC447DCF-ABFA-6E24-52A5-D7FD48A5C558}
		{9AE13087-4F1A-461D-BB6B-817A7AF86420} = {AD543401-B4A7-AC95-DA94-6718F3C81BEB}
		{696BABAB-382E-49E5-80A6-A257D7E94326} = {AD543401-B4A7-AC95-DA94-6718F3C81BEB}
		{D71592BC-3E27-4F3C-AB74-2E551313D2FD} = {AD543401-B4A7-AC95-DA94-6718F3C81BEB}
		{B703BB8B-381C-432B-86AD-4D526C53030A} = {0AB3BF05-4346-4AA6-1389-037BE0695223}
		{4F8133DB-A301-0A1E-3DDE-929E67CC9B96} = {EC447DCF-ABFA-6E24-52A5-D7FD48A5C558}
		{884850F8-F791-49A5-AEA6-246B8A3053C6} = {4F8133DB-A301-0A1E-3DDE-929E67CC9B96}
		{A7087ACA-A7B4-4F2F-BA16-BCEBEF061A0F} = {4F8133DB-A301-0A1E-3DDE-929E67CC9B96}
		{BFFA5AF2-4086-47D3-A613-624C4D099176} = {4F8133DB-A301-0A1E-3DDE-929E67CC9B96}
		{4818CD4E-D27C-4432-A5E4-4A6E62321DE0} = {0AB3BF05-4346-4AA6-1389-037BE0695223}
		{2869779A-08EE-A519-3A6C-804B4CE08260} = {EC447DCF-ABFA-6E24-52A5-D7FD48A5C558}
		{391DABFE-CED3-403B-A085-FDD05842D16F} = {2869779A-08EE-A519-3A6C-804B4CE08260}
		{3DDF4B57-C54E-4AC6-81C4-1C088469AB7C} = {2869779A-08EE-A519-3A6C-804B4CE08260}
		{68FA1FB2-6DB1-44CA-91A3-E704F99E8337} = {2869779A-08EE-A519-3A6C-804B4CE08260}
		{C712F716-CCD2-4028-95C6-CFBFFEEA2F89} = {2869779A-08EE-A519-3A6C-804B4CE08260}
		{2D627630-2733-20C6-1887-2A779E80693E} = {EC447DCF-ABFA-6E24-52A5-D7FD48A5C558}
		{DCB0A5CA-CF60-46C0-AD9D-739FA5271CB6} = {2D627630-2733-20C6-1887-2A779E80693E}
		{ADC2825E-40C9-4F1D-971A-A5F6E82E05DB} = {2D627630-2733-20C6-1887-2A779E80693E}
		{DB5733EE-0445-4EE0-8C36-CCC3230165B7} = {2D627630-2733-20C6-1887-2A779E80693E}
		{44FE3448-6DD1-4260-AABA-A6EC00477732} = {2D627630-2733-20C6-1887-2A779E80693E}
		{DD990E86-DA83-A215-8BEB-0957C9BDCD04} = {EC447DCF-ABFA-6E24-52A5-D7FD48A5C558}
		{8F0190EA-73C7-4CB0-B684-7435F0B1FE18} = {DD990E86-DA83-A215-8BEB-0957C9BDCD04}
		{438F12AF-0340-4E83-A3A7-81008EC3028E} = {DD990E86-DA83-A215-8BEB-0957C9BDCD04}
		{0745B52F-B098-455D-B843-D93679D6BC8B} = {DD990E86-DA83-A215-8BEB-0957C9BDCD04}
		{8470400F-E695-45E8-9BB5-94094593983B} = {DD990E86-DA83-A215-8BEB-0957C9BDCD04}
	EndGlobalSection
EndGlobal
